
Microsoft Visual Studio Solution File, Format Version 12.00
# Visual Studio Version 16
VisualStudioVersion = 16.0.32228.343
MinimumVisualStudioVersion = 10.0.40219.1
Project("{2150E333-8FDC-42A3-9474-1A3956D46DE8}") = "Sample", "Sample", "{DB74798B-6DD2-49CC-9F4A-33C739814D89}"
EndProject
Project("{FAE04EC0-301F-11D3-BF4B-00C04F79EFBC}") = "ConsoleApp0411", "Sample\ConsoleApp0411\ConsoleApp0411.csproj", "{EE9917E4-B0CC-4DE6-9E1B-A7C827674E5B}"
EndProject
Project("{FAE04EC0-301F-11D3-BF4B-00C04F79EFBC}") = "WindowsFormsApp1", "Sample\WindowsFormsApp1\WindowsFormsApp1.csproj", "{9EFFE37A-A760-444B-B10B-C058477CB9C2}"
EndProject
Project("{FAE04EC0-301F-11D3-BF4B-00C04F79EFBC}") = "BallApp", "Sample\BallApp\BallApp.csproj", "{BF809F85-9940-4FD8-8980-A46F84B3E826}"
EndProject
Project("{2150E333-8FDC-42A3-9474-1A3956D46DE8}") = "Chapter01", "Chapter01", "{AAECB1AC-D90F-47FF-92E4-51E40A518A38}"
EndProject
Project("{FAE04EC0-301F-11D3-BF4B-00C04F79EFBC}") = "ProductSample", "Chapter01\Product\ProductSample.csproj", "{79F60406-8085-4EF1-96F2-B90710851239}"
EndProject
Project("{2150E333-8FDC-42A3-9474-1A3956D46DE8}") = "Chapter02", "Chapter02", "{3908B8F7-B48D-4742-97EA-C96571876BE8}"
EndProject
Project("{2150E333-8FDC-42A3-9474-1A3956D46DE8}") = "距離換算プログラム", "距離換算プログラム", "{48C8199C-B747-4A1D-84B2-A2D2D944AB81}"
EndProject
Project("{FAE04EC0-301F-11D3-BF4B-00C04F79EFBC}") = "DistanceConverter", "Chapter02\距離換算プログラム\DistanceConverter\DistanceConverter.csproj", "{90F5AF16-2189-49B4-A5B6-6AFAC8B1226F}"
EndProject
Project("{2150E333-8FDC-42A3-9474-1A3956D46DE8}") = "売り上げ集計プログラム", "売り上げ集計プログラム", "{FE7CCBAE-18CE-4171-8CE3-5A2A425224EB}"
EndProject
Project("{FAE04EC0-301F-11D3-BF4B-00C04F79EFBC}") = "SalesCalculator", "Chapter02\売り上げ集計プログラム\SalesCalculator\SalesCalculator.csproj", "{8E61BBB2-0E30-4697-83C3-520D7D5DF8B0}"
EndProject
Project("{2150E333-8FDC-42A3-9474-1A3956D46DE8}") = "演習問題", "演習問題", "{47F5CD78-5479-42B6-9C81-201BB01B9CCF}"
EndProject
Project("{FAE04EC0-301F-11D3-BF4B-00C04F79EFBC}") = "Exercise01", "Chapter02\演習問題\Exercise01\Exercise01.csproj", "{7737A2A7-89A6-4460-8ED3-01BE92FB6456}"
EndProject
Project("{FAE04EC0-301F-11D3-BF4B-00C04F79EFBC}") = "Exercise02", "Chapter02\演習問題\Exercise02\Exercise02.csproj", "{F410D9B1-B99C-4F1B-9378-FB4C1A8AEFF3}"
EndProject
Project("{FAE04EC0-301F-11D3-BF4B-00C04F79EFBC}") = "Exercise03", "Chapter02\演習問題\Exercise03\Exercise03.csproj", "{65E96534-5A36-4462-827D-5A925AF4B0BA}"
EndProject
Project("{2150E333-8FDC-42A3-9474-1A3956D46DE8}") = "Chapter03", "Chapter03", "{2D52D8A4-0DFB-4EF7-812E-280F0A592A6B}"
EndProject
Project("{FAE04EC0-301F-11D3-BF4B-00C04F79EFBC}") = "section01", "Chapter03\section01\section01.csproj", "{EEE889E6-DED2-4148-AAB1-7E0AFB61C27A}"
EndProject
Project("{FAE04EC0-301F-11D3-BF4B-00C04F79EFBC}") = "Section03", "Chapter03\Section03\Section03.csproj", "{60CA31B0-C587-40A0-B8F3-A48782530C90}"
EndProject
Project("{FAE04EC0-301F-11D3-BF4B-00C04F79EFBC}") = "Section04", "Chapter03\Section04\Section04.csproj", "{E5A66826-FDB0-4AE2-AC93-A32F1E95577C}"
EndProject
Project("{2150E333-8FDC-42A3-9474-1A3956D46DE8}") = "演習問題", "演習問題", "{CA22F9CF-388C-43FD-BE12-B36A1E53D045}"
EndProject
Project("{FAE04EC0-301F-11D3-BF4B-00C04F79EFBC}") = "Exercise01", "Chapter03\演習問題\Exercise01\Exercise01.csproj", "{4A5D36CC-5CE7-49E1-AC17-274A3D539C1B}"
EndProject
Project("{FAE04EC0-301F-11D3-BF4B-00C04F79EFBC}") = "Exercise02", "Chapter03\演習問題\Exercise02\Exercise02.csproj", "{8AD19976-5121-4638-83DF-B00316DB5976}"
EndProject
Project("{2150E333-8FDC-42A3-9474-1A3956D46DE8}") = "Chapter04", "Chapter04", "{F8851952-84D4-4AA0-9CE1-78997AA46F77}"
EndProject
Project("{2150E333-8FDC-42A3-9474-1A3956D46DE8}") = "条件演算子・null合体演算子", "条件演算子・null合体演算子", "{BFB1EA43-3DC8-42BC-92DC-B75322B2E5C0}"
EndProject
Project("{FAE04EC0-301F-11D3-BF4B-00C04F79EFBC}") = "Section04", "Chapter04\条件演算子・null合体演算子\Section04\Section04.csproj", "{AD12C580-9DEE-44F1-9614-AF0A99AAD47C}"
EndProject
Project("{2150E333-8FDC-42A3-9474-1A3956D46DE8}") = "TryParse", "TryParse", "{6ABEC9F8-88A6-4812-9885-3D299E63D1A8}"
EndProject
Project("{FAE04EC0-301F-11D3-BF4B-00C04F79EFBC}") = "Section07", "Chapter04\TryParse\Section07\Section07.csproj", "{9EB760D3-10C0-4F7E-AD31-6E5600A27CD6}"
EndProject
Project("{2150E333-8FDC-42A3-9474-1A3956D46DE8}") = "演習問題", "演習問題", "{2C74DCB7-B249-442B-8C1C-A446F78AEA58}"
EndProject
Project("{FAE04EC0-301F-11D3-BF4B-00C04F79EFBC}") = "Exercise01", "Chapter04\演習問題\Exercise01\Exercise01.csproj", "{D881B6DD-37FE-421C-9A4D-1D9F563DC7A5}"
EndProject
Project("{FAE04EC0-301F-11D3-BF4B-00C04F79EFBC}") = "Exercise02", "Chapter04\演習問題\Exercise02\Exercise02.csproj", "{85728815-8946-470C-AB68-D4A63B22266E}"
EndProject
Project("{2150E333-8FDC-42A3-9474-1A3956D46DE8}") = "Chapter05", "Chapter05", "{1A4755FA-6161-440F-B046-68CE7D3E4BB8}"
EndProject
Project("{2150E333-8FDC-42A3-9474-1A3956D46DE8}") = "演習問題", "演習問題", "{FEC1D553-6FD8-40FE-887D-1583DD49AAEB}"
EndProject
Project("{FAE04EC0-301F-11D3-BF4B-00C04F79EFBC}") = "Exercise01", "Chapter05\演習問題\Exercise01\Exercise01.csproj", "{8F4A2F90-5065-482C-B7B9-CFE610C0A27A}"
EndProject
Project("{FAE04EC0-301F-11D3-BF4B-00C04F79EFBC}") = "Exercise02", "Chapter05\演習問題\Exercise02\Exercise02.csproj", "{C96704BC-A6A6-4F27-B9BF-CF31C6B9C0E2}"
EndProject
Project("{FAE04EC0-301F-11D3-BF4B-00C04F79EFBC}") = "Exercise03", "Chapter05\演習問題\Exercise03\Exercise03.csproj", "{DB5EF7D1-227C-4811-8849-3CDC4504AC68}"
EndProject
Project("{FAE04EC0-301F-11D3-BF4B-00C04F79EFBC}") = "Exercise04", "Chapter05\演習問題\Exercise04\Exercise04\Exercise04.csproj", "{8B69B324-ED99-4384-832C-D675B302B035}"
EndProject
Project("{2150E333-8FDC-42A3-9474-1A3956D46DE8}") = "Chapter06", "Chapter06", "{5373B3F5-9069-46B3-A95B-16814F9E3CFC}"
EndProject
Project("{FAE04EC0-301F-11D3-BF4B-00C04F79EFBC}") = "Section01", "Chapter06\Section01\Section01.csproj", "{C8DB4070-F6E6-4E87-BF14-8707EF5665D5}"
EndProject
Project("{FAE04EC0-301F-11D3-BF4B-00C04F79EFBC}") = "Section02", "Chapter06\Section02\Section02.csproj", "{78A24A9F-3FDD-485C-AE70-F223CAAAAA6E}"
EndProject
Project("{2150E333-8FDC-42A3-9474-1A3956D46DE8}") = "演習問題", "演習問題", "{300560E2-7981-4AEC-A00D-57A90F0858B9}"
EndProject
Project("{FAE04EC0-301F-11D3-BF4B-00C04F79EFBC}") = "Exercise01", "Chapter06\演習問題\Exercise01\Exercise01.csproj", "{4D73578C-EA9C-4927-B990-5C58C42CBB5C}"
EndProject
Project("{FAE04EC0-301F-11D3-BF4B-00C04F79EFBC}") = "Exercise02", "Chapter06\演習問題\Exercise02\Exercise02.csproj", "{E97485B3-3E7B-47CB-9646-2F0D01445ED9}"
EndProject
Project("{2150E333-8FDC-42A3-9474-1A3956D46DE8}") = "Chapter07", "Chapter07", "{51921F3C-A4F0-47D1-A43B-2E896EEF8ECE}"
EndProject
Project("{FAE04EC0-301F-11D3-BF4B-00C04F79EFBC}") = "Section01", "Chapter07\Section01\Section01.csproj", "{2769374A-9868-459B-815B-FB219A51C622}"
EndProject
Project("{FAE04EC0-301F-11D3-BF4B-00C04F79EFBC}") = "Section02", "Chapter07\Section02\Section02.csproj", "{7209BFF2-5B0C-4CAC-845A-37876D5FA490}"
EndProject
Project("{2150E333-8FDC-42A3-9474-1A3956D46DE8}") = "試験01", "試験01", "{AFEA4381-EF48-4E5C-8B97-9DC00FAFC902}"
EndProject
Project("{FAE04EC0-301F-11D3-BF4B-00C04F79EFBC}") = "Test01", "TestProject\Test01\Test01.csproj", "{2BFACDC3-F44D-4199-8498-F5C3C4AC0335}"
EndProject
Project("{FAE04EC0-301F-11D3-BF4B-00C04F79EFBC}") = "Test02", "TestProject\Test02\Test02.csproj", "{E461C0A8-8900-485C-B520-E929BA33F712}"
EndProject
Project("{FAE04EC0-301F-11D3-BF4B-00C04F79EFBC}") = "Section03", "Chapter07\Section03\Section03.csproj", "{C2DA9FD5-3E70-45BB-ADCF-9161831AA12D}"
EndProject
Project("{2150E333-8FDC-42A3-9474-1A3956D46DE8}") = "演習問題", "演習問題", "{8029A742-6594-4C61-9DA6-088CAB5AC50F}"
EndProject
Project("{FAE04EC0-301F-11D3-BF4B-00C04F79EFBC}") = "Exercise01", "Chapter07\演習問題\Exercise01\Exercise01.csproj", "{6848FE40-0C6C-4BFB-BC08-B4EEE16DF94F}"
EndProject
Project("{FAE04EC0-301F-11D3-BF4B-00C04F79EFBC}") = "Exercise02", "Chapter07\演習問題\Section02\Exercise02.csproj", "{E85BA47E-EB9C-43FD-A197-4F29241952AD}"
EndProject
Project("{2150E333-8FDC-42A3-9474-1A3956D46DE8}") = "Chapter08", "Chapter08", "{9526A535-0CD2-4572-BB37-A111ABD53913}"
EndProject
Project("{2150E333-8FDC-42A3-9474-1A3956D46DE8}") = "演習問題", "演習問題", "{EAE68811-C27F-44B2-9B71-6AE7B3F7E812}"
EndProject
Project("{FAE04EC0-301F-11D3-BF4B-00C04F79EFBC}") = "Exercise01", "Chapter08\Exercise01\Exercise01.csproj", "{3D52F0C0-265A-4581-BBC2-9238C96375B5}"
EndProject
Project("{FAE04EC0-301F-11D3-BF4B-00C04F79EFBC}") = "Exercise02", "Chapter08\Exercise02\Exercise02.csproj", "{3933038C-6C21-4523-9CC3-52810C278417}"
EndProject
Project("{FAE04EC0-301F-11D3-BF4B-00C04F79EFBC}") = "Exercise03", "..\..\..\Downloads\Exercise03\Exercise03.csproj", "{D614FA80-D264-4E2D-B07B-9515A14F9D1E}"
EndProject
Project("{2150E333-8FDC-42A3-9474-1A3956D46DE8}") = "フォームアプリケーション", "フォームアプリケーション", "{45C73FAA-6B44-4125-BFAD-46586FC10A47}"
EndProject
Project("{FAE04EC0-301F-11D3-BF4B-00C04F79EFBC}") = "CalendarApp", "Chapter08\フォームアプリケーション\CalendarApp\CalendarApp.csproj", "{70F71472-A098-4A63-B668-E91CAC9A9E5F}"
EndProject
Project("{2150E333-8FDC-42A3-9474-1A3956D46DE8}") = "FormApps", "FormApps", "{9565C682-B459-4441-8ABC-9AF007195974}"
EndProject
Project("{FAE04EC0-301F-11D3-BF4B-00C04F79EFBC}") = "CarReportSystem", "FormApps\CarReportSystem\CarReportSystem.csproj", "{2648D4FB-682A-4C3E-ABE5-4015E6A9A2D1}"
EndProject
Project("{2150E333-8FDC-42A3-9474-1A3956D46DE8}") = "Chapter13", "Chapter13", "{62F52459-E505-4549-8DB9-AE7B8E368BE7}"
EndProject
Project("{FAE04EC0-301F-11D3-BF4B-00C04F79EFBC}") = "SampleEntityFramework", "Chapter13\SampleEntityFramework\SampleEntityFramework.csproj", "{6FD83A9B-9440-42C2-9F95-67BCF9611222}"
EndProject
Project("{2150E333-8FDC-42A3-9474-1A3956D46DE8}") = "Chapter14", "Chapter14", "{16A11B67-C724-4320-844E-9B6C4A800635}"
EndProject
Project("{FAE04EC0-301F-11D3-BF4B-00C04F79EFBC}") = "Section01", "Chapter14\Section01\Section01.csproj", "{2F4B0338-5379-4866-B65A-F78D765B0077}"
EndProject
Project("{FAE04EC0-301F-11D3-BF4B-00C04F79EFBC}") = "Section02", "Chapter14\Section02\Section02.csproj", "{66CA58C5-115F-45B3-9C09-2FCB6656A4F8}"
EndProject
Project("{FAE04EC0-301F-11D3-BF4B-00C04F79EFBC}") = "Section04", "Chapter14\Section04\Section04.csproj", "{1BDD034D-10E3-437E-9269-9BE9CB8BB69B}"
EndProject
Project("{FAE04EC0-301F-11D3-BF4B-00C04F79EFBC}") = "RssReader", "FormApps\RssReader\RssReader.csproj", "{21D5A922-0812-42B9-B3EA-CAA4A06C824B}"
EndProject
Global
	GlobalSection(SolutionConfigurationPlatforms) = preSolution
		Debug|Any CPU = Debug|Any CPU
		Release|Any CPU = Release|Any CPU
	EndGlobalSection
	GlobalSection(ProjectConfigurationPlatforms) = postSolution
		{EE9917E4-B0CC-4DE6-9E1B-A7C827674E5B}.Debug|Any CPU.ActiveCfg = Debug|Any CPU
		{EE9917E4-B0CC-4DE6-9E1B-A7C827674E5B}.Debug|Any CPU.Build.0 = Debug|Any CPU
		{EE9917E4-B0CC-4DE6-9E1B-A7C827674E5B}.Release|Any CPU.ActiveCfg = Release|Any CPU
		{EE9917E4-B0CC-4DE6-9E1B-A7C827674E5B}.Release|Any CPU.Build.0 = Release|Any CPU
		{9EFFE37A-A760-444B-B10B-C058477CB9C2}.Debug|Any CPU.ActiveCfg = Debug|Any CPU
		{9EFFE37A-A760-444B-B10B-C058477CB9C2}.Debug|Any CPU.Build.0 = Debug|Any CPU
		{9EFFE37A-A760-444B-B10B-C058477CB9C2}.Release|Any CPU.ActiveCfg = Release|Any CPU
		{9EFFE37A-A760-444B-B10B-C058477CB9C2}.Release|Any CPU.Build.0 = Release|Any CPU
		{BF809F85-9940-4FD8-8980-A46F84B3E826}.Debug|Any CPU.ActiveCfg = Debug|Any CPU
		{BF809F85-9940-4FD8-8980-A46F84B3E826}.Debug|Any CPU.Build.0 = Debug|Any CPU
		{BF809F85-9940-4FD8-8980-A46F84B3E826}.Release|Any CPU.ActiveCfg = Release|Any CPU
		{BF809F85-9940-4FD8-8980-A46F84B3E826}.Release|Any CPU.Build.0 = Release|Any CPU
		{79F60406-8085-4EF1-96F2-B90710851239}.Debug|Any CPU.ActiveCfg = Debug|Any CPU
		{79F60406-8085-4EF1-96F2-B90710851239}.Debug|Any CPU.Build.0 = Debug|Any CPU
		{79F60406-8085-4EF1-96F2-B90710851239}.Release|Any CPU.ActiveCfg = Release|Any CPU
		{79F60406-8085-4EF1-96F2-B90710851239}.Release|Any CPU.Build.0 = Release|Any CPU
		{90F5AF16-2189-49B4-A5B6-6AFAC8B1226F}.Debug|Any CPU.ActiveCfg = Debug|Any CPU
		{90F5AF16-2189-49B4-A5B6-6AFAC8B1226F}.Debug|Any CPU.Build.0 = Debug|Any CPU
		{90F5AF16-2189-49B4-A5B6-6AFAC8B1226F}.Release|Any CPU.ActiveCfg = Release|Any CPU
		{90F5AF16-2189-49B4-A5B6-6AFAC8B1226F}.Release|Any CPU.Build.0 = Release|Any CPU
		{8E61BBB2-0E30-4697-83C3-520D7D5DF8B0}.Debug|Any CPU.ActiveCfg = Debug|Any CPU
		{8E61BBB2-0E30-4697-83C3-520D7D5DF8B0}.Debug|Any CPU.Build.0 = Debug|Any CPU
		{8E61BBB2-0E30-4697-83C3-520D7D5DF8B0}.Release|Any CPU.ActiveCfg = Release|Any CPU
		{8E61BBB2-0E30-4697-83C3-520D7D5DF8B0}.Release|Any CPU.Build.0 = Release|Any CPU
		{7737A2A7-89A6-4460-8ED3-01BE92FB6456}.Debug|Any CPU.ActiveCfg = Debug|Any CPU
		{7737A2A7-89A6-4460-8ED3-01BE92FB6456}.Debug|Any CPU.Build.0 = Debug|Any CPU
		{7737A2A7-89A6-4460-8ED3-01BE92FB6456}.Release|Any CPU.ActiveCfg = Release|Any CPU
		{7737A2A7-89A6-4460-8ED3-01BE92FB6456}.Release|Any CPU.Build.0 = Release|Any CPU
		{F410D9B1-B99C-4F1B-9378-FB4C1A8AEFF3}.Debug|Any CPU.ActiveCfg = Debug|Any CPU
		{F410D9B1-B99C-4F1B-9378-FB4C1A8AEFF3}.Debug|Any CPU.Build.0 = Debug|Any CPU
		{F410D9B1-B99C-4F1B-9378-FB4C1A8AEFF3}.Release|Any CPU.ActiveCfg = Release|Any CPU
		{F410D9B1-B99C-4F1B-9378-FB4C1A8AEFF3}.Release|Any CPU.Build.0 = Release|Any CPU
		{65E96534-5A36-4462-827D-5A925AF4B0BA}.Debug|Any CPU.ActiveCfg = Debug|Any CPU
		{65E96534-5A36-4462-827D-5A925AF4B0BA}.Debug|Any CPU.Build.0 = Debug|Any CPU
		{65E96534-5A36-4462-827D-5A925AF4B0BA}.Release|Any CPU.ActiveCfg = Release|Any CPU
		{65E96534-5A36-4462-827D-5A925AF4B0BA}.Release|Any CPU.Build.0 = Release|Any CPU
		{EEE889E6-DED2-4148-AAB1-7E0AFB61C27A}.Debug|Any CPU.ActiveCfg = Debug|Any CPU
		{EEE889E6-DED2-4148-AAB1-7E0AFB61C27A}.Debug|Any CPU.Build.0 = Debug|Any CPU
		{EEE889E6-DED2-4148-AAB1-7E0AFB61C27A}.Release|Any CPU.ActiveCfg = Release|Any CPU
		{EEE889E6-DED2-4148-AAB1-7E0AFB61C27A}.Release|Any CPU.Build.0 = Release|Any CPU
		{60CA31B0-C587-40A0-B8F3-A48782530C90}.Debug|Any CPU.ActiveCfg = Debug|Any CPU
		{60CA31B0-C587-40A0-B8F3-A48782530C90}.Debug|Any CPU.Build.0 = Debug|Any CPU
		{60CA31B0-C587-40A0-B8F3-A48782530C90}.Release|Any CPU.ActiveCfg = Release|Any CPU
		{60CA31B0-C587-40A0-B8F3-A48782530C90}.Release|Any CPU.Build.0 = Release|Any CPU
		{E5A66826-FDB0-4AE2-AC93-A32F1E95577C}.Debug|Any CPU.ActiveCfg = Debug|Any CPU
		{E5A66826-FDB0-4AE2-AC93-A32F1E95577C}.Debug|Any CPU.Build.0 = Debug|Any CPU
		{E5A66826-FDB0-4AE2-AC93-A32F1E95577C}.Release|Any CPU.ActiveCfg = Release|Any CPU
		{E5A66826-FDB0-4AE2-AC93-A32F1E95577C}.Release|Any CPU.Build.0 = Release|Any CPU
		{4A5D36CC-5CE7-49E1-AC17-274A3D539C1B}.Debug|Any CPU.ActiveCfg = Debug|Any CPU
		{4A5D36CC-5CE7-49E1-AC17-274A3D539C1B}.Debug|Any CPU.Build.0 = Debug|Any CPU
		{4A5D36CC-5CE7-49E1-AC17-274A3D539C1B}.Release|Any CPU.ActiveCfg = Release|Any CPU
		{4A5D36CC-5CE7-49E1-AC17-274A3D539C1B}.Release|Any CPU.Build.0 = Release|Any CPU
		{8AD19976-5121-4638-83DF-B00316DB5976}.Debug|Any CPU.ActiveCfg = Debug|Any CPU
		{8AD19976-5121-4638-83DF-B00316DB5976}.Debug|Any CPU.Build.0 = Debug|Any CPU
		{8AD19976-5121-4638-83DF-B00316DB5976}.Release|Any CPU.ActiveCfg = Release|Any CPU
		{8AD19976-5121-4638-83DF-B00316DB5976}.Release|Any CPU.Build.0 = Release|Any CPU
		{AD12C580-9DEE-44F1-9614-AF0A99AAD47C}.Debug|Any CPU.ActiveCfg = Debug|Any CPU
		{AD12C580-9DEE-44F1-9614-AF0A99AAD47C}.Debug|Any CPU.Build.0 = Debug|Any CPU
		{AD12C580-9DEE-44F1-9614-AF0A99AAD47C}.Release|Any CPU.ActiveCfg = Release|Any CPU
		{AD12C580-9DEE-44F1-9614-AF0A99AAD47C}.Release|Any CPU.Build.0 = Release|Any CPU
		{9EB760D3-10C0-4F7E-AD31-6E5600A27CD6}.Debug|Any CPU.ActiveCfg = Debug|Any CPU
		{9EB760D3-10C0-4F7E-AD31-6E5600A27CD6}.Debug|Any CPU.Build.0 = Debug|Any CPU
		{9EB760D3-10C0-4F7E-AD31-6E5600A27CD6}.Release|Any CPU.ActiveCfg = Release|Any CPU
		{9EB760D3-10C0-4F7E-AD31-6E5600A27CD6}.Release|Any CPU.Build.0 = Release|Any CPU
		{D881B6DD-37FE-421C-9A4D-1D9F563DC7A5}.Debug|Any CPU.ActiveCfg = Debug|Any CPU
		{D881B6DD-37FE-421C-9A4D-1D9F563DC7A5}.Debug|Any CPU.Build.0 = Debug|Any CPU
		{D881B6DD-37FE-421C-9A4D-1D9F563DC7A5}.Release|Any CPU.ActiveCfg = Release|Any CPU
		{D881B6DD-37FE-421C-9A4D-1D9F563DC7A5}.Release|Any CPU.Build.0 = Release|Any CPU
		{85728815-8946-470C-AB68-D4A63B22266E}.Debug|Any CPU.ActiveCfg = Debug|Any CPU
		{85728815-8946-470C-AB68-D4A63B22266E}.Debug|Any CPU.Build.0 = Debug|Any CPU
		{85728815-8946-470C-AB68-D4A63B22266E}.Release|Any CPU.ActiveCfg = Release|Any CPU
		{85728815-8946-470C-AB68-D4A63B22266E}.Release|Any CPU.Build.0 = Release|Any CPU
		{8F4A2F90-5065-482C-B7B9-CFE610C0A27A}.Debug|Any CPU.ActiveCfg = Debug|Any CPU
		{8F4A2F90-5065-482C-B7B9-CFE610C0A27A}.Debug|Any CPU.Build.0 = Debug|Any CPU
		{8F4A2F90-5065-482C-B7B9-CFE610C0A27A}.Release|Any CPU.ActiveCfg = Release|Any CPU
		{8F4A2F90-5065-482C-B7B9-CFE610C0A27A}.Release|Any CPU.Build.0 = Release|Any CPU
		{C96704BC-A6A6-4F27-B9BF-CF31C6B9C0E2}.Debug|Any CPU.ActiveCfg = Debug|Any CPU
		{C96704BC-A6A6-4F27-B9BF-CF31C6B9C0E2}.Debug|Any CPU.Build.0 = Debug|Any CPU
		{C96704BC-A6A6-4F27-B9BF-CF31C6B9C0E2}.Release|Any CPU.ActiveCfg = Release|Any CPU
		{C96704BC-A6A6-4F27-B9BF-CF31C6B9C0E2}.Release|Any CPU.Build.0 = Release|Any CPU
		{DB5EF7D1-227C-4811-8849-3CDC4504AC68}.Debug|Any CPU.ActiveCfg = Debug|Any CPU
		{DB5EF7D1-227C-4811-8849-3CDC4504AC68}.Debug|Any CPU.Build.0 = Debug|Any CPU
		{DB5EF7D1-227C-4811-8849-3CDC4504AC68}.Release|Any CPU.ActiveCfg = Release|Any CPU
		{DB5EF7D1-227C-4811-8849-3CDC4504AC68}.Release|Any CPU.Build.0 = Release|Any CPU
		{8B69B324-ED99-4384-832C-D675B302B035}.Debug|Any CPU.ActiveCfg = Debug|Any CPU
		{8B69B324-ED99-4384-832C-D675B302B035}.Debug|Any CPU.Build.0 = Debug|Any CPU
		{8B69B324-ED99-4384-832C-D675B302B035}.Release|Any CPU.ActiveCfg = Release|Any CPU
		{8B69B324-ED99-4384-832C-D675B302B035}.Release|Any CPU.Build.0 = Release|Any CPU
		{C8DB4070-F6E6-4E87-BF14-8707EF5665D5}.Debug|Any CPU.ActiveCfg = Debug|Any CPU
		{C8DB4070-F6E6-4E87-BF14-8707EF5665D5}.Debug|Any CPU.Build.0 = Debug|Any CPU
		{C8DB4070-F6E6-4E87-BF14-8707EF5665D5}.Release|Any CPU.ActiveCfg = Release|Any CPU
		{C8DB4070-F6E6-4E87-BF14-8707EF5665D5}.Release|Any CPU.Build.0 = Release|Any CPU
		{78A24A9F-3FDD-485C-AE70-F223CAAAAA6E}.Debug|Any CPU.ActiveCfg = Debug|Any CPU
		{78A24A9F-3FDD-485C-AE70-F223CAAAAA6E}.Debug|Any CPU.Build.0 = Debug|Any CPU
		{78A24A9F-3FDD-485C-AE70-F223CAAAAA6E}.Release|Any CPU.ActiveCfg = Release|Any CPU
		{78A24A9F-3FDD-485C-AE70-F223CAAAAA6E}.Release|Any CPU.Build.0 = Release|Any CPU
		{4D73578C-EA9C-4927-B990-5C58C42CBB5C}.Debug|Any CPU.ActiveCfg = Debug|Any CPU
		{4D73578C-EA9C-4927-B990-5C58C42CBB5C}.Debug|Any CPU.Build.0 = Debug|Any CPU
		{4D73578C-EA9C-4927-B990-5C58C42CBB5C}.Release|Any CPU.ActiveCfg = Release|Any CPU
		{4D73578C-EA9C-4927-B990-5C58C42CBB5C}.Release|Any CPU.Build.0 = Release|Any CPU
		{E97485B3-3E7B-47CB-9646-2F0D01445ED9}.Debug|Any CPU.ActiveCfg = Debug|Any CPU
		{E97485B3-3E7B-47CB-9646-2F0D01445ED9}.Debug|Any CPU.Build.0 = Debug|Any CPU
		{E97485B3-3E7B-47CB-9646-2F0D01445ED9}.Release|Any CPU.ActiveCfg = Release|Any CPU
		{E97485B3-3E7B-47CB-9646-2F0D01445ED9}.Release|Any CPU.Build.0 = Release|Any CPU
		{2769374A-9868-459B-815B-FB219A51C622}.Debug|Any CPU.ActiveCfg = Debug|Any CPU
		{2769374A-9868-459B-815B-FB219A51C622}.Debug|Any CPU.Build.0 = Debug|Any CPU
		{2769374A-9868-459B-815B-FB219A51C622}.Release|Any CPU.ActiveCfg = Release|Any CPU
		{2769374A-9868-459B-815B-FB219A51C622}.Release|Any CPU.Build.0 = Release|Any CPU
		{7209BFF2-5B0C-4CAC-845A-37876D5FA490}.Debug|Any CPU.ActiveCfg = Debug|Any CPU
		{7209BFF2-5B0C-4CAC-845A-37876D5FA490}.Debug|Any CPU.Build.0 = Debug|Any CPU
		{7209BFF2-5B0C-4CAC-845A-37876D5FA490}.Release|Any CPU.ActiveCfg = Release|Any CPU
		{7209BFF2-5B0C-4CAC-845A-37876D5FA490}.Release|Any CPU.Build.0 = Release|Any CPU
		{2BFACDC3-F44D-4199-8498-F5C3C4AC0335}.Debug|Any CPU.ActiveCfg = Debug|Any CPU
		{2BFACDC3-F44D-4199-8498-F5C3C4AC0335}.Debug|Any CPU.Build.0 = Debug|Any CPU
		{2BFACDC3-F44D-4199-8498-F5C3C4AC0335}.Release|Any CPU.ActiveCfg = Release|Any CPU
		{2BFACDC3-F44D-4199-8498-F5C3C4AC0335}.Release|Any CPU.Build.0 = Release|Any CPU
		{E461C0A8-8900-485C-B520-E929BA33F712}.Debug|Any CPU.ActiveCfg = Debug|Any CPU
		{E461C0A8-8900-485C-B520-E929BA33F712}.Debug|Any CPU.Build.0 = Debug|Any CPU
		{E461C0A8-8900-485C-B520-E929BA33F712}.Release|Any CPU.ActiveCfg = Release|Any CPU
		{E461C0A8-8900-485C-B520-E929BA33F712}.Release|Any CPU.Build.0 = Release|Any CPU
		{C2DA9FD5-3E70-45BB-ADCF-9161831AA12D}.Debug|Any CPU.ActiveCfg = Debug|Any CPU
		{C2DA9FD5-3E70-45BB-ADCF-9161831AA12D}.Debug|Any CPU.Build.0 = Debug|Any CPU
		{C2DA9FD5-3E70-45BB-ADCF-9161831AA12D}.Release|Any CPU.ActiveCfg = Release|Any CPU
		{C2DA9FD5-3E70-45BB-ADCF-9161831AA12D}.Release|Any CPU.Build.0 = Release|Any CPU
		{6848FE40-0C6C-4BFB-BC08-B4EEE16DF94F}.Debug|Any CPU.ActiveCfg = Debug|Any CPU
		{6848FE40-0C6C-4BFB-BC08-B4EEE16DF94F}.Debug|Any CPU.Build.0 = Debug|Any CPU
		{6848FE40-0C6C-4BFB-BC08-B4EEE16DF94F}.Release|Any CPU.ActiveCfg = Release|Any CPU
		{6848FE40-0C6C-4BFB-BC08-B4EEE16DF94F}.Release|Any CPU.Build.0 = Release|Any CPU
		{E85BA47E-EB9C-43FD-A197-4F29241952AD}.Debug|Any CPU.ActiveCfg = Debug|Any CPU
		{E85BA47E-EB9C-43FD-A197-4F29241952AD}.Debug|Any CPU.Build.0 = Debug|Any CPU
		{E85BA47E-EB9C-43FD-A197-4F29241952AD}.Release|Any CPU.ActiveCfg = Release|Any CPU
		{E85BA47E-EB9C-43FD-A197-4F29241952AD}.Release|Any CPU.Build.0 = Release|Any CPU
		{3D52F0C0-265A-4581-BBC2-9238C96375B5}.Debug|Any CPU.ActiveCfg = Debug|Any CPU
		{3D52F0C0-265A-4581-BBC2-9238C96375B5}.Debug|Any CPU.Build.0 = Debug|Any CPU
		{3D52F0C0-265A-4581-BBC2-9238C96375B5}.Release|Any CPU.ActiveCfg = Release|Any CPU
		{3D52F0C0-265A-4581-BBC2-9238C96375B5}.Release|Any CPU.Build.0 = Release|Any CPU
		{3933038C-6C21-4523-9CC3-52810C278417}.Debug|Any CPU.ActiveCfg = Debug|Any CPU
		{3933038C-6C21-4523-9CC3-52810C278417}.Debug|Any CPU.Build.0 = Debug|Any CPU
		{3933038C-6C21-4523-9CC3-52810C278417}.Release|Any CPU.ActiveCfg = Release|Any CPU
		{3933038C-6C21-4523-9CC3-52810C278417}.Release|Any CPU.Build.0 = Release|Any CPU
		{D614FA80-D264-4E2D-B07B-9515A14F9D1E}.Debug|Any CPU.ActiveCfg = Debug|Any CPU
		{D614FA80-D264-4E2D-B07B-9515A14F9D1E}.Debug|Any CPU.Build.0 = Debug|Any CPU
		{D614FA80-D264-4E2D-B07B-9515A14F9D1E}.Release|Any CPU.ActiveCfg = Release|Any CPU
		{D614FA80-D264-4E2D-B07B-9515A14F9D1E}.Release|Any CPU.Build.0 = Release|Any CPU
		{70F71472-A098-4A63-B668-E91CAC9A9E5F}.Debug|Any CPU.ActiveCfg = Debug|Any CPU
		{70F71472-A098-4A63-B668-E91CAC9A9E5F}.Debug|Any CPU.Build.0 = Debug|Any CPU
		{70F71472-A098-4A63-B668-E91CAC9A9E5F}.Release|Any CPU.ActiveCfg = Release|Any CPU
		{70F71472-A098-4A63-B668-E91CAC9A9E5F}.Release|Any CPU.Build.0 = Release|Any CPU
		{2648D4FB-682A-4C3E-ABE5-4015E6A9A2D1}.Debug|Any CPU.ActiveCfg = Debug|Any CPU
		{2648D4FB-682A-4C3E-ABE5-4015E6A9A2D1}.Debug|Any CPU.Build.0 = Debug|Any CPU
		{2648D4FB-682A-4C3E-ABE5-4015E6A9A2D1}.Release|Any CPU.ActiveCfg = Release|Any CPU
		{2648D4FB-682A-4C3E-ABE5-4015E6A9A2D1}.Release|Any CPU.Build.0 = Release|Any CPU
		{6FD83A9B-9440-42C2-9F95-67BCF9611222}.Debug|Any CPU.ActiveCfg = Debug|Any CPU
		{6FD83A9B-9440-42C2-9F95-67BCF9611222}.Debug|Any CPU.Build.0 = Debug|Any CPU
		{6FD83A9B-9440-42C2-9F95-67BCF9611222}.Release|Any CPU.ActiveCfg = Release|Any CPU
		{6FD83A9B-9440-42C2-9F95-67BCF9611222}.Release|Any CPU.Build.0 = Release|Any CPU
		{2F4B0338-5379-4866-B65A-F78D765B0077}.Debug|Any CPU.ActiveCfg = Debug|Any CPU
		{2F4B0338-5379-4866-B65A-F78D765B0077}.Debug|Any CPU.Build.0 = Debug|Any CPU
		{2F4B0338-5379-4866-B65A-F78D765B0077}.Release|Any CPU.ActiveCfg = Release|Any CPU
		{2F4B0338-5379-4866-B65A-F78D765B0077}.Release|Any CPU.Build.0 = Release|Any CPU
		{66CA58C5-115F-45B3-9C09-2FCB6656A4F8}.Debug|Any CPU.ActiveCfg = Debug|Any CPU
		{66CA58C5-115F-45B3-9C09-2FCB6656A4F8}.Debug|Any CPU.Build.0 = Debug|Any CPU
		{66CA58C5-115F-45B3-9C09-2FCB6656A4F8}.Release|Any CPU.ActiveCfg = Release|Any CPU
		{66CA58C5-115F-45B3-9C09-2FCB6656A4F8}.Release|Any CPU.Build.0 = Release|Any CPU
		{1BDD034D-10E3-437E-9269-9BE9CB8BB69B}.Debug|Any CPU.ActiveCfg = Debug|Any CPU
		{1BDD034D-10E3-437E-9269-9BE9CB8BB69B}.Debug|Any CPU.Build.0 = Debug|Any CPU
		{1BDD034D-10E3-437E-9269-9BE9CB8BB69B}.Release|Any CPU.ActiveCfg = Release|Any CPU
		{1BDD034D-10E3-437E-9269-9BE9CB8BB69B}.Release|Any CPU.Build.0 = Release|Any CPU
		{21D5A922-0812-42B9-B3EA-CAA4A06C824B}.Debug|Any CPU.ActiveCfg = Debug|Any CPU
		{21D5A922-0812-42B9-B3EA-CAA4A06C824B}.Debug|Any CPU.Build.0 = Debug|Any CPU
		{21D5A922-0812-42B9-B3EA-CAA4A06C824B}.Release|Any CPU.ActiveCfg = Release|Any CPU
		{21D5A922-0812-42B9-B3EA-CAA4A06C824B}.Release|Any CPU.Build.0 = Release|Any CPU
	EndGlobalSection
	GlobalSection(SolutionProperties) = preSolution
		HideSolutionNode = FALSE
	EndGlobalSection
	GlobalSection(NestedProjects) = preSolution
		{EE9917E4-B0CC-4DE6-9E1B-A7C827674E5B} = {DB74798B-6DD2-49CC-9F4A-33C739814D89}
		{9EFFE37A-A760-444B-B10B-C058477CB9C2} = {DB74798B-6DD2-49CC-9F4A-33C739814D89}
		{BF809F85-9940-4FD8-8980-A46F84B3E826} = {DB74798B-6DD2-49CC-9F4A-33C739814D89}
		{79F60406-8085-4EF1-96F2-B90710851239} = {AAECB1AC-D90F-47FF-92E4-51E40A518A38}
		{48C8199C-B747-4A1D-84B2-A2D2D944AB81} = {3908B8F7-B48D-4742-97EA-C96571876BE8}
		{90F5AF16-2189-49B4-A5B6-6AFAC8B1226F} = {48C8199C-B747-4A1D-84B2-A2D2D944AB81}
		{FE7CCBAE-18CE-4171-8CE3-5A2A425224EB} = {3908B8F7-B48D-4742-97EA-C96571876BE8}
		{8E61BBB2-0E30-4697-83C3-520D7D5DF8B0} = {FE7CCBAE-18CE-4171-8CE3-5A2A425224EB}
		{47F5CD78-5479-42B6-9C81-201BB01B9CCF} = {3908B8F7-B48D-4742-97EA-C96571876BE8}
		{7737A2A7-89A6-4460-8ED3-01BE92FB6456} = {47F5CD78-5479-42B6-9C81-201BB01B9CCF}
		{F410D9B1-B99C-4F1B-9378-FB4C1A8AEFF3} = {47F5CD78-5479-42B6-9C81-201BB01B9CCF}
		{65E96534-5A36-4462-827D-5A925AF4B0BA} = {47F5CD78-5479-42B6-9C81-201BB01B9CCF}
		{EEE889E6-DED2-4148-AAB1-7E0AFB61C27A} = {2D52D8A4-0DFB-4EF7-812E-280F0A592A6B}
		{60CA31B0-C587-40A0-B8F3-A48782530C90} = {2D52D8A4-0DFB-4EF7-812E-280F0A592A6B}
		{E5A66826-FDB0-4AE2-AC93-A32F1E95577C} = {2D52D8A4-0DFB-4EF7-812E-280F0A592A6B}
		{CA22F9CF-388C-43FD-BE12-B36A1E53D045} = {2D52D8A4-0DFB-4EF7-812E-280F0A592A6B}
		{4A5D36CC-5CE7-49E1-AC17-274A3D539C1B} = {CA22F9CF-388C-43FD-BE12-B36A1E53D045}
		{8AD19976-5121-4638-83DF-B00316DB5976} = {CA22F9CF-388C-43FD-BE12-B36A1E53D045}
		{BFB1EA43-3DC8-42BC-92DC-B75322B2E5C0} = {F8851952-84D4-4AA0-9CE1-78997AA46F77}
		{AD12C580-9DEE-44F1-9614-AF0A99AAD47C} = {BFB1EA43-3DC8-42BC-92DC-B75322B2E5C0}
		{6ABEC9F8-88A6-4812-9885-3D299E63D1A8} = {F8851952-84D4-4AA0-9CE1-78997AA46F77}
		{9EB760D3-10C0-4F7E-AD31-6E5600A27CD6} = {6ABEC9F8-88A6-4812-9885-3D299E63D1A8}
		{2C74DCB7-B249-442B-8C1C-A446F78AEA58} = {F8851952-84D4-4AA0-9CE1-78997AA46F77}
		{D881B6DD-37FE-421C-9A4D-1D9F563DC7A5} = {2C74DCB7-B249-442B-8C1C-A446F78AEA58}
		{85728815-8946-470C-AB68-D4A63B22266E} = {2C74DCB7-B249-442B-8C1C-A446F78AEA58}
		{FEC1D553-6FD8-40FE-887D-1583DD49AAEB} = {1A4755FA-6161-440F-B046-68CE7D3E4BB8}
		{8F4A2F90-5065-482C-B7B9-CFE610C0A27A} = {FEC1D553-6FD8-40FE-887D-1583DD49AAEB}
		{C96704BC-A6A6-4F27-B9BF-CF31C6B9C0E2} = {FEC1D553-6FD8-40FE-887D-1583DD49AAEB}
		{DB5EF7D1-227C-4811-8849-3CDC4504AC68} = {FEC1D553-6FD8-40FE-887D-1583DD49AAEB}
		{8B69B324-ED99-4384-832C-D675B302B035} = {FEC1D553-6FD8-40FE-887D-1583DD49AAEB}
		{C8DB4070-F6E6-4E87-BF14-8707EF5665D5} = {5373B3F5-9069-46B3-A95B-16814F9E3CFC}
		{78A24A9F-3FDD-485C-AE70-F223CAAAAA6E} = {5373B3F5-9069-46B3-A95B-16814F9E3CFC}
		{300560E2-7981-4AEC-A00D-57A90F0858B9} = {5373B3F5-9069-46B3-A95B-16814F9E3CFC}
		{4D73578C-EA9C-4927-B990-5C58C42CBB5C} = {300560E2-7981-4AEC-A00D-57A90F0858B9}
		{E97485B3-3E7B-47CB-9646-2F0D01445ED9} = {300560E2-7981-4AEC-A00D-57A90F0858B9}
		{2769374A-9868-459B-815B-FB219A51C622} = {51921F3C-A4F0-47D1-A43B-2E896EEF8ECE}
		{7209BFF2-5B0C-4CAC-845A-37876D5FA490} = {51921F3C-A4F0-47D1-A43B-2E896EEF8ECE}
		{2BFACDC3-F44D-4199-8498-F5C3C4AC0335} = {AFEA4381-EF48-4E5C-8B97-9DC00FAFC902}
		{E461C0A8-8900-485C-B520-E929BA33F712} = {AFEA4381-EF48-4E5C-8B97-9DC00FAFC902}
		{C2DA9FD5-3E70-45BB-ADCF-9161831AA12D} = {51921F3C-A4F0-47D1-A43B-2E896EEF8ECE}
		{8029A742-6594-4C61-9DA6-088CAB5AC50F} = {51921F3C-A4F0-47D1-A43B-2E896EEF8ECE}
		{6848FE40-0C6C-4BFB-BC08-B4EEE16DF94F} = {8029A742-6594-4C61-9DA6-088CAB5AC50F}
		{E85BA47E-EB9C-43FD-A197-4F29241952AD} = {8029A742-6594-4C61-9DA6-088CAB5AC50F}
		{EAE68811-C27F-44B2-9B71-6AE7B3F7E812} = {9526A535-0CD2-4572-BB37-A111ABD53913}
		{3D52F0C0-265A-4581-BBC2-9238C96375B5} = {EAE68811-C27F-44B2-9B71-6AE7B3F7E812}
		{3933038C-6C21-4523-9CC3-52810C278417} = {EAE68811-C27F-44B2-9B71-6AE7B3F7E812}
		{D614FA80-D264-4E2D-B07B-9515A14F9D1E} = {EAE68811-C27F-44B2-9B71-6AE7B3F7E812}
		{45C73FAA-6B44-4125-BFAD-46586FC10A47} = {9526A535-0CD2-4572-BB37-A111ABD53913}
		{70F71472-A098-4A63-B668-E91CAC9A9E5F} = {45C73FAA-6B44-4125-BFAD-46586FC10A47}
		{2648D4FB-682A-4C3E-ABE5-4015E6A9A2D1} = {9565C682-B459-4441-8ABC-9AF007195974}
		{6FD83A9B-9440-42C2-9F95-67BCF9611222} = {62F52459-E505-4549-8DB9-AE7B8E368BE7}
		{2F4B0338-5379-4866-B65A-F78D765B0077} = {16A11B67-C724-4320-844E-9B6C4A800635}
		{66CA58C5-115F-45B3-9C09-2FCB6656A4F8} = {16A11B67-C724-4320-844E-9B6C4A800635}
		{1BDD034D-10E3-437E-9269-9BE9CB8BB69B} = {16A11B67-C724-4320-844E-9B6C4A800635}
		{21D5A922-0812-42B9-B3EA-CAA4A06C824B} = {9565C682-B459-4441-8ABC-9AF007195974}
	EndGlobalSection
	GlobalSection(ExtensibilityGlobals) = postSolution
		SolutionGuid = {6FF1C93D-D566-448E-BA81-D5E0A875620D}
	EndGlobalSection
EndGlobal
