
Microsoft Visual Studio Solution File, Format Version 12.00
# Visual Studio Version 16
VisualStudioVersion = 16.0.32228.343
MinimumVisualStudioVersion = 10.0.40219.1
Project("{2150E333-8FDC-42A3-9474-1A3956D46DE8}") = "Sample", "Sample", "{DB74798B-6DD2-49CC-9F4A-33C739814D89}"
EndProject
Project("{FAE04EC0-301F-11D3-BF4B-00C04F79EFBC}") = "ConsoleApp0411", "Sample\ConsoleApp0411\ConsoleApp0411.csproj", "{EE9917E4-B0CC-4DE6-9E1B-A7C827674E5B}"
EndProject
Project("{FAE04EC0-301F-11D3-BF4B-00C04F79EFBC}") = "WindowsFormsApp1", "Sample\WindowsFormsApp1\WindowsFormsApp1.csproj", "{9EFFE37A-A760-444B-B10B-C058477CB9C2}"
EndProject
Project("{FAE04EC0-301F-11D3-BF4B-00C04F79EFBC}") = "BallApp", "Sample\BallApp\BallApp.csproj", "{BF809F85-9940-4FD8-8980-A46F84B3E826}"
EndProject
Project("{2150E333-8FDC-42A3-9474-1A3956D46DE8}") = "Chapter01", "Chapter01", "{AAECB1AC-D90F-47FF-92E4-51E40A518A38}"
EndProject
Project("{FAE04EC0-301F-11D3-BF4B-00C04F79EFBC}") = "ProductSample", "Chapter01\Product\ProductSample.csproj", "{79F60406-8085-4EF1-96F2-B90710851239}"
EndProject
Project("{2150E333-8FDC-42A3-9474-1A3956D46DE8}") = "Chapter02", "Chapter02", "{3908B8F7-B48D-4742-97EA-C96571876BE8}"
EndProject
Project("{2150E333-8FDC-42A3-9474-1A3956D46DE8}") = "距離換算プログラム", "距離換算プログラム", "{48C8199C-B747-4A1D-84B2-A2D2D944AB81}"
EndProject
Project("{FAE04EC0-301F-11D3-BF4B-00C04F79EFBC}") = "DistanceConverter", "Chapter02\距離換算プログラム\DistanceConverter\DistanceConverter.csproj", "{90F5AF16-2189-49B4-A5B6-6AFAC8B1226F}"
EndProject
Project("{2150E333-8FDC-42A3-9474-1A3956D46DE8}") = "売り上げ集計プログラム", "売り上げ集計プログラム", "{FE7CCBAE-18CE-4171-8CE3-5A2A425224EB}"
EndProject
Project("{FAE04EC0-301F-11D3-BF4B-00C04F79EFBC}") = "SalesCalculator", "Chapter02\売り上げ集計プログラム\SalesCalculator\SalesCalculator.csproj", "{8E61BBB2-0E30-4697-83C3-520D7D5DF8B0}"
EndProject
Project("{2150E333-8FDC-42A3-9474-1A3956D46DE8}") = "演習問題", "演習問題", "{47F5CD78-5479-42B6-9C81-201BB01B9CCF}"
EndProject
Project("{FAE04EC0-301F-11D3-BF4B-00C04F79EFBC}") = "Exercise01", "Chapter02\演習問題\Exercise01\Exercise01.csproj", "{7737A2A7-89A6-4460-8ED3-01BE92FB6456}"
EndProject
Project("{FAE04EC0-301F-11D3-BF4B-00C04F79EFBC}") = "Exercise02", "Chapter02\演習問題\Exercise02\Exercise02.csproj", "{F410D9B1-B99C-4F1B-9378-FB4C1A8AEFF3}"
EndProject
Project("{FAE04EC0-301F-11D3-BF4B-00C04F79EFBC}") = "Exercise03", "Chapter02\演習問題\Exercise03\Exercise03.csproj", "{65E96534-5A36-4462-827D-5A925AF4B0BA}"
EndProject
Project("{2150E333-8FDC-42A3-9474-1A3956D46DE8}") = "Chapter03", "Chapter03", "{2D52D8A4-0DFB-4EF7-812E-280F0A592A6B}"
EndProject
Project("{FAE04EC0-301F-11D3-BF4B-00C04F79EFBC}") = "section01", "Chapter03\section01\section01.csproj", "{EEE889E6-DED2-4148-AAB1-7E0AFB61C27A}"
EndProject
Global
	GlobalSection(SolutionConfigurationPlatforms) = preSolution
		Debug|Any CPU = Debug|Any CPU
		Release|Any CPU = Release|Any CPU
	EndGlobalSection
	GlobalSection(ProjectConfigurationPlatforms) = postSolution
		{EE9917E4-B0CC-4DE6-9E1B-A7C827674E5B}.Debug|Any CPU.ActiveCfg = Debug|Any CPU
		{EE9917E4-B0CC-4DE6-9E1B-A7C827674E5B}.Debug|Any CPU.Build.0 = Debug|Any CPU
		{EE9917E4-B0CC-4DE6-9E1B-A7C827674E5B}.Release|Any CPU.ActiveCfg = Release|Any CPU
		{EE9917E4-B0CC-4DE6-9E1B-A7C827674E5B}.Release|Any CPU.Build.0 = Release|Any CPU
		{9EFFE37A-A760-444B-B10B-C058477CB9C2}.Debug|Any CPU.ActiveCfg = Debug|Any CPU
		{9EFFE37A-A760-444B-B10B-C058477CB9C2}.Debug|Any CPU.Build.0 = Debug|Any CPU
		{9EFFE37A-A760-444B-B10B-C058477CB9C2}.Release|Any CPU.ActiveCfg = Release|Any CPU
		{9EFFE37A-A760-444B-B10B-C058477CB9C2}.Release|Any CPU.Build.0 = Release|Any CPU
		{BF809F85-9940-4FD8-8980-A46F84B3E826}.Debug|Any CPU.ActiveCfg = Debug|Any CPU
		{BF809F85-9940-4FD8-8980-A46F84B3E826}.Debug|Any CPU.Build.0 = Debug|Any CPU
		{BF809F85-9940-4FD8-8980-A46F84B3E826}.Release|Any CPU.ActiveCfg = Release|Any CPU
		{BF809F85-9940-4FD8-8980-A46F84B3E826}.Release|Any CPU.Build.0 = Release|Any CPU
		{79F60406-8085-4EF1-96F2-B90710851239}.Debug|Any CPU.ActiveCfg = Debug|Any CPU
		{79F60406-8085-4EF1-96F2-B90710851239}.Debug|Any CPU.Build.0 = Debug|Any CPU
		{79F60406-8085-4EF1-96F2-B90710851239}.Release|Any CPU.ActiveCfg = Release|Any CPU
		{79F60406-8085-4EF1-96F2-B90710851239}.Release|Any CPU.Build.0 = Release|Any CPU
		{90F5AF16-2189-49B4-A5B6-6AFAC8B1226F}.Debug|Any CPU.ActiveCfg = Debug|Any CPU
		{90F5AF16-2189-49B4-A5B6-6AFAC8B1226F}.Debug|Any CPU.Build.0 = Debug|Any CPU
		{90F5AF16-2189-49B4-A5B6-6AFAC8B1226F}.Release|Any CPU.ActiveCfg = Release|Any CPU
		{90F5AF16-2189-49B4-A5B6-6AFAC8B1226F}.Release|Any CPU.Build.0 = Release|Any CPU
		{8E61BBB2-0E30-4697-83C3-520D7D5DF8B0}.Debug|Any CPU.ActiveCfg = Debug|Any CPU
		{8E61BBB2-0E30-4697-83C3-520D7D5DF8B0}.Debug|Any CPU.Build.0 = Debug|Any CPU
		{8E61BBB2-0E30-4697-83C3-520D7D5DF8B0}.Release|Any CPU.ActiveCfg = Release|Any CPU
		{8E61BBB2-0E30-4697-83C3-520D7D5DF8B0}.Release|Any CPU.Build.0 = Release|Any CPU
		{7737A2A7-89A6-4460-8ED3-01BE92FB6456}.Debug|Any CPU.ActiveCfg = Debug|Any CPU
		{7737A2A7-89A6-4460-8ED3-01BE92FB6456}.Debug|Any CPU.Build.0 = Debug|Any CPU
		{7737A2A7-89A6-4460-8ED3-01BE92FB6456}.Release|Any CPU.ActiveCfg = Release|Any CPU
		{7737A2A7-89A6-4460-8ED3-01BE92FB6456}.Release|Any CPU.Build.0 = Release|Any CPU
		{F410D9B1-B99C-4F1B-9378-FB4C1A8AEFF3}.Debug|Any CPU.ActiveCfg = Debug|Any CPU
		{F410D9B1-B99C-4F1B-9378-FB4C1A8AEFF3}.Debug|Any CPU.Build.0 = Debug|Any CPU
		{F410D9B1-B99C-4F1B-9378-FB4C1A8AEFF3}.Release|Any CPU.ActiveCfg = Release|Any CPU
		{F410D9B1-B99C-4F1B-9378-FB4C1A8AEFF3}.Release|Any CPU.Build.0 = Release|Any CPU
		{65E96534-5A36-4462-827D-5A925AF4B0BA}.Debug|Any CPU.ActiveCfg = Debug|Any CPU
		{65E96534-5A36-4462-827D-5A925AF4B0BA}.Debug|Any CPU.Build.0 = Debug|Any CPU
		{65E96534-5A36-4462-827D-5A925AF4B0BA}.Release|Any CPU.ActiveCfg = Release|Any CPU
		{65E96534-5A36-4462-827D-5A925AF4B0BA}.Release|Any CPU.Build.0 = Release|Any CPU
		{EEE889E6-DED2-4148-AAB1-7E0AFB61C27A}.Debug|Any CPU.ActiveCfg = Debug|Any CPU
		{EEE889E6-DED2-4148-AAB1-7E0AFB61C27A}.Debug|Any CPU.Build.0 = Debug|Any CPU
		{EEE889E6-DED2-4148-AAB1-7E0AFB61C27A}.Release|Any CPU.ActiveCfg = Release|Any CPU
		{EEE889E6-DED2-4148-AAB1-7E0AFB61C27A}.Release|Any CPU.Build.0 = Release|Any CPU
	EndGlobalSection
	GlobalSection(SolutionProperties) = preSolution
		HideSolutionNode = FALSE
	EndGlobalSection
	GlobalSection(NestedProjects) = preSolution
		{EE9917E4-B0CC-4DE6-9E1B-A7C827674E5B} = {DB74798B-6DD2-49CC-9F4A-33C739814D89}
		{9EFFE37A-A760-444B-B10B-C058477CB9C2} = {DB74798B-6DD2-49CC-9F4A-33C739814D89}
		{BF809F85-9940-4FD8-8980-A46F84B3E826} = {DB74798B-6DD2-49CC-9F4A-33C739814D89}
		{79F60406-8085-4EF1-96F2-B90710851239} = {AAECB1AC-D90F-47FF-92E4-51E40A518A38}
		{48C8199C-B747-4A1D-84B2-A2D2D944AB81} = {3908B8F7-B48D-4742-97EA-C96571876BE8}
		{90F5AF16-2189-49B4-A5B6-6AFAC8B1226F} = {48C8199C-B747-4A1D-84B2-A2D2D944AB81}
		{FE7CCBAE-18CE-4171-8CE3-5A2A425224EB} = {3908B8F7-B48D-4742-97EA-C96571876BE8}
		{8E61BBB2-0E30-4697-83C3-520D7D5DF8B0} = {FE7CCBAE-18CE-4171-8CE3-5A2A425224EB}
		{47F5CD78-5479-42B6-9C81-201BB01B9CCF} = {3908B8F7-B48D-4742-97EA-C96571876BE8}
		{7737A2A7-89A6-4460-8ED3-01BE92FB6456} = {47F5CD78-5479-42B6-9C81-201BB01B9CCF}
		{F410D9B1-B99C-4F1B-9378-FB4C1A8AEFF3} = {47F5CD78-5479-42B6-9C81-201BB01B9CCF}
		{65E96534-5A36-4462-827D-5A925AF4B0BA} = {47F5CD78-5479-42B6-9C81-201BB01B9CCF}
		{EEE889E6-DED2-4148-AAB1-7E0AFB61C27A} = {2D52D8A4-0DFB-4EF7-812E-280F0A592A6B}
	EndGlobalSection
	GlobalSection(ExtensibilityGlobals) = postSolution
		SolutionGuid = {6FF1C93D-D566-448E-BA81-D5E0A875620D}
	EndGlobalSection
EndGlobal
